
Microsoft Visual Studio Solution File, Format Version 12.00
# Visual Studio Version 17
VisualStudioVersion = 17.4.33213.308
MinimumVisualStudioVersion = 10.0.40219.1
Project("{9A19103F-16F7-4668-BE54-9A1E7A4F7556}") = "RouletteAPI", "RouletteAPI.csproj", "{D5615A6E-4AE6-4C0D-94EF-65ACD27113C9}"
EndProject
Project("{9A19103F-16F7-4668-BE54-9A1E7A4F7556}") = "RoulettePlatform", "..\RoulettePlatform\RoulettePlatform.csproj", "{138BF7F5-D884-4EDC-803B-715A92D36B9D}"
EndProject
Project("{FAE04EC0-301F-11D3-BF4B-00C04F79EFBC}") = "UnitTest", "..\UnitTest\UnitTest.csproj", "{AED1D6B3-8A1B-41BD-B04B-9467FD82CF85}"
EndProject
Global
	GlobalSection(SolutionConfigurationPlatforms) = preSolution
		Debug|Any CPU = Debug|Any CPU
		Release|Any CPU = Release|Any CPU
	EndGlobalSection
	GlobalSection(ProjectConfigurationPlatforms) = postSolution
		{D5615A6E-4AE6-4C0D-94EF-65ACD27113C9}.Debug|Any CPU.ActiveCfg = Debug|Any CPU
		{D5615A6E-4AE6-4C0D-94EF-65ACD27113C9}.Debug|Any CPU.Build.0 = Debug|Any CPU
		{D5615A6E-4AE6-4C0D-94EF-65ACD27113C9}.Release|Any CPU.ActiveCfg = Release|Any CPU
		{D5615A6E-4AE6-4C0D-94EF-65ACD27113C9}.Release|Any CPU.Build.0 = Release|Any CPU
		{138BF7F5-D884-4EDC-803B-715A92D36B9D}.Debug|Any CPU.ActiveCfg = Debug|Any CPU
		{138BF7F5-D884-4EDC-803B-715A92D36B9D}.Debug|Any CPU.Build.0 = Debug|Any CPU
		{138BF7F5-D884-4EDC-803B-715A92D36B9D}.Release|Any CPU.ActiveCfg = Release|Any CPU
		{138BF7F5-D884-4EDC-803B-715A92D36B9D}.Release|Any CPU.Build.0 = Release|Any CPU
		{AED1D6B3-8A1B-41BD-B04B-9467FD82CF85}.Debug|Any CPU.ActiveCfg = Debug|Any CPU
		{AED1D6B3-8A1B-41BD-B04B-9467FD82CF85}.Debug|Any CPU.Build.0 = Debug|Any CPU
		{AED1D6B3-8A1B-41BD-B04B-9467FD82CF85}.Release|Any CPU.ActiveCfg = Release|Any CPU
		{AED1D6B3-8A1B-41BD-B04B-9467FD82CF85}.Release|Any CPU.Build.0 = Release|Any CPU
	EndGlobalSection
	GlobalSection(SolutionProperties) = preSolution
		HideSolutionNode = FALSE
	EndGlobalSection
	GlobalSection(ExtensibilityGlobals) = postSolution
		SolutionGuid = {B8297398-E086-4EB7-9FEE-EFD55028AB1E}
	EndGlobalSection
EndGlobal
